
Microsoft Visual Studio Solution File, Format Version 12.00
# Visual Studio Version 17
VisualStudioVersion = 17.5.33414.496
MinimumVisualStudioVersion = 10.0.40219.1
Project("{FAE04EC0-301F-11D3-BF4B-00C04F79EFBC}") = "Rock Paper Scissor", "Rock Paper Scissor\Rock Paper Scissor.csproj", "{9E5F2063-3DEC-455F-8474-327752939E0C}"
EndProject
Global
	GlobalSection(SolutionConfigurationPlatforms) = preSolution
		Debug|Any CPU = Debug|Any CPU
		Release|Any CPU = Release|Any CPU
	EndGlobalSection
	GlobalSection(ProjectConfigurationPlatforms) = postSolution
		{9E5F2063-3DEC-455F-8474-327752939E0C}.Debug|Any CPU.ActiveCfg = Debug|Any CPU
		{9E5F2063-3DEC-455F-8474-327752939E0C}.Debug|Any CPU.Build.0 = Debug|Any CPU
		{9E5F2063-3DEC-455F-8474-327752939E0C}.Release|Any CPU.ActiveCfg = Release|Any CPU
		{9E5F2063-3DEC-455F-8474-327752939E0C}.Release|Any CPU.Build.0 = Release|Any CPU
	EndGlobalSection
	GlobalSection(SolutionProperties) = preSolution
		HideSolutionNode = FALSE
	EndGlobalSection
	GlobalSection(ExtensibilityGlobals) = postSolution
		SolutionGuid = {E7F01989-D451-42D2-93A4-9AA0FE7BAA7D}
	EndGlobalSection
EndGlobal
